// !$*UTF8*$!
{
	archiveVersion = 1;
	classes = {
	};
	objectVersion = 77;
	objects = {

/* Begin PBXBuildFile section */
		F49548D3305BDCD200E6BE70 /* NetworkMonitorKit in Frameworks */ = {isa = PBXBuildFile; productRef = F49548D2305BDCD200E6BE70 /* NetworkMonitorKit */; };
/* End PBXBuildFile section */

/* Begin PBXContainerItemProxy section */
		F4E77E0D305BD9AA0021A352 /* PBXContainerItemProxy */ = {
			isa = PBXContainerItemProxy;
			containerPortal = F4E77DF7305BD9A90021A352 /* Project object */;
			proxyType = 1;
			remoteGlobalIDString = F4E77DFE305BD9A90021A352;
			remoteInfo = NetworkMonitorDemo;
		};
		F4E77E17305BD9AA0021A352 /* PBXContainerItemProxy */ = {
			isa = PBXContainerItemProxy;
			containerPortal = F4E77DF7305BD9A90021A352 /* Project object */;
			proxyType = 1;
			remoteGlobalIDString = F4E77DFE305BD9A90021A352;
			remoteInfo = NetworkMonitorDemo;
		};
/* End PBXContainerItemProxy section */

/* Begin PBXFileReference section */
		F4E77DFF305BD9A90021A352 /* NetworkMonitorDemo.app */ = {isa = PBXFileReference; explicitFileType = wrapper.application; includeInIndex = 0; path = NetworkMonitorDemo.app; sourceTree = BUILT_PRODUCTS_DIR; };
		F4E77E0C305BD9AA0021A352 /* NetworkMonitorDemoTests.xctest */ = {isa = PBXFileReference; explicitFileType = wrapper.cfbundle; includeInIndex = 0; path = NetworkMonitorDemoTests.xctest; sourceTree = BUILT_PRODUCTS_DIR; };
		F4E77E16305BD9AA0021A352 /* NetworkMonitorDemoUITests.xctest */ = {isa = PBXFileReference; explicitFileType = wrapper.cfbundle; includeInIndex = 0; path = NetworkMonitorDemoUITests.xctest; sourceTree = BUILT_PRODUCTS_DIR; };
/* End PBXFileReference section */

/* Begin PBXFileSystemSynchronizedRootGroup section */
		F4E77E01305BD9A90021A352 /* NetworkMonitorDemo */ = {
			isa = PBXFileSystemSynchronizedRootGroup;
			path = NetworkMonitorDemo;
			sourceTree = "<group>";
		};
		F4E77E0F305BD9AA0021A352 /* NetworkMonitorDemoTests */ = {
			isa = PBXFileSystemSynchronizedRootGroup;
			path = NetworkMonitorDemoTests;
			sourceTree = "<group>";
		};
		F4E77E19305BD9AA0021A352 /* NetworkMonitorDemoUITests */ = {
			isa = PBXFileSystemSynchronizedRootGroup;
			path = NetworkMonitorDemoUITests;
			sourceTree = "<group>";
		};
/* End PBXFileSystemSynchronizedRootGroup section */

/* Begin PBXFrameworksBuildPhase section */
		F4E77DFC305BD9A90021A352 /* Frameworks */ = {
			isa = PBXFrameworksBuildPhase;
			buildActionMask = 2147483647;
			files = (
				F49548D3305BDCD200E6BE70 /* NetworkMonitorKit in Frameworks */,
			);
			runOnlyForDeploymentPostprocessing = 0;
		};
		F4E77E09305BD9AA0021A352 /* Frameworks */ = {
			isa = PBXFrameworksBuildPhase;
			buildActionMask = 2147483647;
			files = (
			);
			runOnlyForDeploymentPostprocessing = 0;
		};
		F4E77E13305BD9AA0021A352 /* Frameworks */ = {
			isa = PBXFrameworksBuildPhase;
			buildActionMask = 2147483647;
			files = (
			);
			runOnlyForDeploymentPostprocessing = 0;
		};
/* End PBXFrameworksBuildPhase section */

/* Begin PBXGroup section */
		F49548D1305BDCD200E6BE70 /* Frameworks */ = {
			isa = PBXGroup;
			children = (
			);
			name = Frameworks;
			sourceTree = "<group>";
		};
		F4E77DF6305BD9A90021A352 = {
			isa = PBXGroup;
			children = (
				F4E77E01305BD9A90021A352 /* NetworkMonitorDemo */,
				F4E77E0F305BD9AA0021A352 /* NetworkMonitorDemoTests */,
				F4E77E19305BD9AA0021A352 /* NetworkMonitorDemoUITests */,
				F49548D1305BDCD200E6BE70 /* Frameworks */,
				F4E77E00305BD9A90021A352 /* Products */,
			);
			sourceTree = "<group>";
		};
		F4E77E00305BD9A90021A352 /* Products */ = {
			isa = PBXGroup;
			children = (
				F4E77DFF305BD9A90021A352 /* NetworkMonitorDemo.app */,
				F4E77E0C305BD9AA0021A352 /* NetworkMonitorDemoTests.xctest */,
				F4E77E16305BD9AA0021A352 /* NetworkMonitorDemoUITests.xctest */,
			);
			name = Products;
			sourceTree = "<group>";
		};
/* End PBXGroup section */

/* Begin PBXNativeTarget section */
		F4E77DFE305BD9A90021A352 /* NetworkMonitorDemo */ = {
			isa = PBXNativeTarget;
			buildConfigurationList = F4E77E20305BD9AA0021A352 /* Build configuration list for PBXNativeTarget "NetworkMonitorDemo" */;
			buildPhases = (
				F4E77DFB305BD9A90021A352 /* Sources */,
				F4E77DFC305BD9A90021A352 /* Frameworks */,
				F4E77DFD305BD9A90021A352 /* Resources */,
			);
			buildRules = (
			);
			dependencies = (
			);
			fileSystemSynchronizedGroups = (
				F4E77E01305BD9A90021A352 /* NetworkMonitorDemo */,
			);
			name = NetworkMonitorDemo;
			packageProductDependencies = (
				F49548D2305BDCD200E6BE70 /* NetworkMonitorKit */,
			);
			productName = NetworkMonitorDemo;
			productReference = F4E77DFF305BD9A90021A352 /* NetworkMonitorDemo.app */;
			productType = "com.apple.product-type.application";
		};
		F4E77E0B305BD9AA0021A352 /* NetworkMonitorDemoTests */ = {
			isa = PBXNativeTarget;
			buildConfigurationList = F4E77E23305BD9AA0021A352 /* Build configuration list for PBXNativeTarget "NetworkMonitorDemoTests" */;
			buildPhases = (
				F4E77E08305BD9AA0021A352 /* Sources */,
				F4E77E09305BD9AA0021A352 /* Frameworks */,
				F4E77E0A305BD9AA0021A352 /* Resources */,
			);
			buildRules = (
			);
			dependencies = (
				F4E77E0E305BD9AA0021A352 /* PBXTargetDependency */,
			);
			fileSystemSynchronizedGroups = (
				F4E77E0F305BD9AA0021A352 /* NetworkMonitorDemoTests */,
			);
			name = NetworkMonitorDemoTests;
			packageProductDependencies = (
			);
			productName = NetworkMonitorDemoTests;
			productReference = F4E77E0C305BD9AA0021A352 /* NetworkMonitorDemoTests.xctest */;
			productType = "com.apple.product-type.bundle.unit-test";
		};
		F4E77E15305BD9AA0021A352 /* NetworkMonitorDemoUITests */ = {
			isa = PBXNativeTarget;
			buildConfigurationList = F4E77E26305BD9AA0021A352 /* Build configuration list for PBXNativeTarget "NetworkMonitorDemoUITests" */;
			buildPhases = (
				F4E77E12305BD9AA0021A352 /* Sources */,
				F4E77E13305BD9AA0021A352 /* Frameworks */,
				F4E77E14305BD9AA0021A352 /* Resources */,
			);
			buildRules = (
			);
			dependencies = (
				F4E77E18305BD9AA0021A352 /* PBXTargetDependency */,
			);
			fileSystemSynchronizedGroups = (
				F4E77E19305BD9AA0021A352 /* NetworkMonitorDemoUITests */,
			);
			name = NetworkMonitorDemoUITests;
			packageProductDependencies = (
			);
			productName = NetworkMonitorDemoUITests;
			productReference = F4E77E16305BD9AA0021A352 /* NetworkMonitorDemoUITests.xctest */;
			productType = "com.apple.product-type.bundle.ui-testing";
		};
/* End PBXNativeTarget section */

/* Begin PBXProject section */
		F4E77DF7305BD9A90021A352 /* Project object */ = {
			isa = PBXProject;
			attributes = {
				BuildIndependentTargetsInParallel = 1;
				LastSwiftUpdateCheck = 2660;
				LastUpgradeCheck = 2660;
				TargetAttributes = {
					F4E77DFE305BD9A90021A352 = {
						CreatedOnToolsVersion = 26.6;
					};
					F4E77E0B305BD9AA0021A352 = {
						CreatedOnToolsVersion = 26.6;
						TestTargetID = F4E77DFE305BD9A90021A352;
					};
					F4E77E15305BD9AA0021A352 = {
						CreatedOnToolsVersion = 26.6;
						TestTargetID = F4E77DFE305BD9A90021A352;
					};
				};
			};
			buildConfigurationList = F4E77DFA305BD9A90021A352 /* Build configuration list for PBXProject "NetworkMonitorDemo" */;
			developmentRegion = en;
			hasScannedForEncodings = 0;
			knownRegions = (
				en,
				Base,
			);
			mainGroup = F4E77DF6305BD9A90021A352;
			minimizedProjectReferenceProxies = 1;
			packageReferences = (
				F4E77E29305BDA060021A352 /* XCLocalSwiftPackageReference "../../NetworkMonitorKit" */,
			);
			preferredProjectObjectVersion = 77;
			productRefGroup = F4E77E00305BD9A90021A352 /* Products */;
			projectDirPath = "";
			projectRoot = "";
			targets = (
				F4E77DFE305BD9A90021A352 /* NetworkMonitorDemo */,
				F4E77E0B305BD9AA0021A352 /* NetworkMonitorDemoTests */,
				F4E77E15305BD9AA0021A352 /* NetworkMonitorDemoUITests */,
			);
		};
/* End PBXProject section */

/* Begin PBXResourcesBuildPhase section */
		F4E77DFD305BD9A90021A352 /* Resources */ = {
			isa = PBXResourcesBuildPhase;
			buildActionMask = 2147483647;
			files = (
			);
			runOnlyForDeploymentPostprocessing = 0;
		};
		F4E77E0A305BD9AA0021A352 /* Resources */ = {
			isa = PBXResourcesBuildPhase;
			buildActionMask = 2147483647;
			files = (
			);
			runOnlyForDeploymentPostprocessing = 0;
		};
		F4E77E14305BD9AA0021A352 /* Resources */ = {
			isa = PBXResourcesBuildPhase;
			buildActionMask = 2147483647;
			files = (
			);
			runOnlyForDeploymentPostprocessing = 0;
		};
/* End PBXResourcesBuildPhase section */

/* Begin PBXSourcesBuildPhase section */
		F4E77DFB305BD9A90021A352 /* Sources */ = {
			isa = PBXSourcesBuildPhase;
			buildActionMask = 2147483647;
			files = (
			);
			runOnlyForDeploymentPostprocessing = 0;
		};
		F4E77E08305BD9AA0021A352 /* Sources */ = {
			isa = PBXSourcesBuildPhase;
			buildActionMask = 2147483647;
			files = (
			);
			runOnlyForDeploymentPostprocessing = 0;
		};
		F4E77E12305BD9AA0021A352 /* Sources */ = {
			isa = PBXSourcesBuildPhase;
			buildActionMask = 2147483647;
			files = (
			);
			runOnlyForDeploymentPostprocessing = 0;
		};
/* End PBXSourcesBuildPhase section */

/* Begin PBXTargetDependency section */
		F4E77E0E305BD9AA0021A352 /* PBXTargetDependency */ = {
			isa = PBXTargetDependency;
			target = F4E77DFE305BD9A90021A352 /* NetworkMonitorDemo */;
			targetProxy = F4E77E0D305BD9AA0021A352 /* PBXContainerItemProxy */;
		};
		F4E77E18305BD9AA0021A352 /* PBXTargetDependency */ = {
			isa = PBXTargetDependency;
			target = F4E77DFE305BD9A90021A352 /* NetworkMonitorDemo */;
			targetProxy = F4E77E17305BD9AA0021A352 /* PBXContainerItemProxy */;
		};
/* End PBXTargetDependency section */

/* Begin XCBuildConfiguration section */
		F4E77E1E305BD9AA0021A352 /* Debug */ = {
			isa = XCBuildConfiguration;
			buildSettings = {
				ALWAYS_SEARCH_USER_PATHS = NO;
				ASSETCATALOG_COMPILER_GENERATE_SWIFT_ASSET_SYMBOL_EXTENSIONS = YES;
				CLANG_ANALYZER_NONNULL = YES;
				CLANG_ANALYZER_NUMBER_OBJECT_CONVERSION = YES_AGGRESSIVE;
				CLANG_CXX_LANGUAGE_STANDARD = "gnu++20";
				CLANG_ENABLE_MODULES = YES;
				CLANG_ENABLE_OBJC_ARC = YES;
				CLANG_ENABLE_OBJC_WEAK = YES;
				CLANG_WARN_BLOCK_CAPTURE_AUTORELEASING = YES;
				CLANG_WARN_BOOL_CONVERSION = YES;
				CLANG_WARN_COMMA = YES;
				CLANG_WARN_CONSTANT_CONVERSION = YES;
				CLANG_WARN_DEPRECATED_OBJC_IMPLEMENTATIONS = YES;
				CLANG_WARN_DIRECT_OBJC_ISA_USAGE = YES_ERROR;
				CLANG_WARN_DOCUMENTATION_COMMENTS = YES;
				CLANG_WARN_EMPTY_BODY = YES;
				CLANG_WARN_ENUM_CONVERSION = YES;
				CLANG_WARN_INFINITE_RECURSION = YES;
				CLANG_WARN_INT_CONVERSION = YES;
				CLANG_WARN_NON_LITERAL_NULL_CONVERSION = YES;
				CLANG_WARN_OBJC_IMPLICIT_RETAIN_SELF = YES;
				CLANG_WARN_OBJC_LITERAL_CONVERSION = YES;
				CLANG_WARN_OBJC_ROOT_CLASS = YES_ERROR;
				CLANG_WARN_QUOTED_INCLUDE_IN_FRAMEWORK_HEADER = YES;
				CLANG_WARN_RANGE_LOOP_ANALYSIS = YES;
				CLANG_WARN_STRICT_PROTOTYPES = YES;
				CLANG_WARN_SUSPICIOUS_MOVE = YES;
				CLANG_WARN_UNGUARDED_AVAILABILITY = YES_AGGRESSIVE;
				CLANG_WARN_UNREACHABLE_CODE = YES;
				CLANG_WARN__DUPLICATE_METHOD_MATCH = YES;
				COPY_PHASE_STRIP = NO;
				DEBUG_INFORMATION_FORMAT = dwarf;
				ENABLE_STRICT_OBJC_MSGSEND = YES;
				ENABLE_TESTABILITY = YES;
				ENABLE_USER_SCRIPT_SANDBOXING = YES;
				GCC_C_LANGUAGE_STANDARD = gnu17;
				GCC_DYNAMIC_NO_PIC = NO;
				GCC_NO_COMMON_BLOCKS = YES;
				GCC_OPTIMIZATION_LEVEL = 0;
				GCC_PREPROCESSOR_DEFINITIONS = (
					"DEBUG=1",
					"$(inherited)",
				);
				GCC_WARN_64_TO_32_BIT_CONVERSION = YES;
				GCC_WARN_ABOUT_RETURN_TYPE = YES_ERROR;
				GCC_WARN_UNDECLARED_SELECTOR = YES;
				GCC_WARN_UNINITIALIZED_AUTOS = YES_AGGRESSIVE;
				GCC_WARN_UNUSED_FUNCTION = YES;
				GCC_WARN_UNUSED_VARIABLE = YES;
				IPHONEOS_DEPLOYMENT_TARGET = 26.5;
				LOCALIZATION_PREFERS_STRING_CATALOGS = YES;
				MTL_ENABLE_DEBUG_INFO = INCLUDE_SOURCE;
				MTL_FAST_MATH = YES;
				ONLY_ACTIVE_ARCH = YES;
				SDKROOT = iphoneos;
				SWIFT_ACTIVE_COMPILATION_CONDITIONS = "DEBUG $(inherited)";
				SWIFT_OPTIMIZATION_LEVEL = "-Onone";
			};
			name = Debug;
		};
		F4E77E1F305BD9AA0021A352 /* Release */ = {
			isa = XCBuildConfiguration;
			buildSettings = {
				ALWAYS_SEARCH_USER_PATHS = NO;
				ASSETCATALOG_COMPILER_GENERATE_SWIFT_ASSET_SYMBOL_EXTENSIONS = YES;
				CLANG_ANALYZER_NONNULL = YES;
				CLANG_ANALYZER_NUMBER_OBJECT_CONVERSION = YES_AGGRESSIVE;
				CLANG_CXX_LANGUAGE_STANDARD = "gnu++20";
				CLANG_ENABLE_MODULES = YES;
				CLANG_ENABLE_OBJC_ARC = YES;
				CLANG_ENABLE_OBJC_WEAK = YES;
				CLANG_WARN_BLOCK_CAPTURE_AUTORELEASING = YES;
				CLANG_WARN_BOOL_CONVERSION = YES;
				CLANG_WARN_COMMA = YES;
				CLANG_WARN_CONSTANT_CONVERSION = YES;
				CLANG_WARN_DEPRECATED_OBJC_IMPLEMENTATIONS = YES;
				CLANG_WARN_DIRECT_OBJC_ISA_USAGE = YES_ERROR;
				CLANG_WARN_DOCUMENTATION_COMMENTS = YES;
				CLANG_WARN_EMPTY_BODY = YES;
				CLANG_WARN_ENUM_CONVERSION = YES;
				CLANG_WARN_INFINITE_RECURSION = YES;
				CLANG_WARN_INT_CONVERSION = YES;
				CLANG_WARN_NON_LITERAL_NULL_CONVERSION = YES;
				CLANG_WARN_OBJC_IMPLICIT_RETAIN_SELF = YES;
				CLANG_WARN_OBJC_LITERAL_CONVERSION = YES;
				CLANG_WARN_OBJC_ROOT_CLASS = YES_ERROR;
				CLANG_WARN_QUOTED_INCLUDE_IN_FRAMEWORK_HEADER = YES;
				CLANG_WARN_RANGE_LOOP_ANALYSIS = YES;
				CLANG_WARN_STRICT_PROTOTYPES = YES;
				CLANG_WARN_SUSPICIOUS_MOVE = YES;
				CLANG_WARN_UNGUARDED_AVAILABILITY = YES_AGGRESSIVE;
				CLANG_WARN_UNREACHABLE_CODE = YES;
				CLANG_WARN__DUPLICATE_METHOD_MATCH = YES;
				COPY_PHASE_STRIP = NO;
				DEBUG_INFORMATION_FORMAT = "dwarf-with-dsym";
				ENABLE_NS_ASSERTIONS = NO;
				ENABLE_STRICT_OBJC_MSGSEND = YES;
				ENABLE_USER_SCRIPT_SANDBOXING = YES;
				GCC_C_LANGUAGE_STANDARD = gnu17;
				GCC_NO_COMMON_BLOCKS = YES;
				GCC_WARN_64_TO_32_BIT_CONVERSION = YES;
				GCC_WARN_ABOUT_RETURN_TYPE = YES_ERROR;
				GCC_WARN_UNDECLARED_SELECTOR = YES;
				GCC_WARN_UNINITIALIZED_AUTOS = YES_AGGRESSIVE;
				GCC_WARN_UNUSED_FUNCTION = YES;
				GCC_WARN_UNUSED_VARIABLE = YES;
				IPHONEOS_DEPLOYMENT_TARGET = 26.5;
				LOCALIZATION_PREFERS_STRING_CATALOGS = YES;
				MTL_ENABLE_DEBUG_INFO = NO;
				MTL_FAST_MATH = YES;
				SDKROOT = iphoneos;
				SWIFT_COMPILATION_MODE = wholemodule;
				VALIDATE_PRODUCT = YES;
			};
			name = Release;
		};
		F4E77E21305BD9AA0021A352 /* Debug */ = {
			isa = XCBuildConfiguration;
			buildSettings = {
				ASSETCATALOG_COMPILER_APPICON_NAME = AppIcon;
				ASSETCATALOG_COMPILER_GLOBAL_ACCENT_COLOR_NAME = AccentColor;
				CODE_SIGN_STYLE = Automatic;
				CURRENT_PROJECT_VERSION = 1;
				ENABLE_PREVIEWS = YES;
				GENERATE_INFOPLIST_FILE = YES;
				INFOPLIST_KEY_UIApplicationSceneManifest_Generation = YES;
				INFOPLIST_KEY_UIApplicationSupportsIndirectInputEvents = YES;
				INFOPLIST_KEY_UILaunchScreen_Generation = YES;
				INFOPLIST_KEY_UISupportedInterfaceOrientations_iPad = "UIInterfaceOrientationPortrait UIInterfaceOrientationPortraitUpsideDown UIInterfaceOrientationLandscapeLeft UIInterfaceOrientationLandscapeRight";
				INFOPLIST_KEY_UISupportedInterfaceOrientations_iPhone = "UIInterfaceOrientationPortrait UIInterfaceOrientationLandscapeLeft UIInterfaceOrientationLandscapeRight";
				LD_RUNPATH_SEARCH_PATHS = (
					"$(inherited)",
					"@executable_path/Frameworks",
				);
				MARKETING_VERSION = 1.0;
				PRODUCT_BUNDLE_IDENTIFIER = Ron.NetworkMonitorDemo;
				PRODUCT_NAME = "$(TARGET_NAME)";
				STRING_CATALOG_GENERATE_SYMBOLS = YES;
				SWIFT_APPROACHABLE_CONCURRENCY = YES;
				SWIFT_DEFAULT_ACTOR_ISOLATION = MainActor;
				SWIFT_EMIT_LOC_STRINGS = YES;
				SWIFT_UPCOMING_FEATURE_MEMBER_IMPORT_VISIBILITY = YES;
				SWIFT_VERSION = 5.0;
				TARGETED_DEVICE_FAMILY = "1,2";
			};
			name = Debug;
		};
		F4E77E22305BD9AA0021A352 /* Release */ = {
			isa = XCBuildConfiguration;
			buildSettings = {
				ASSETCATALOG_COMPILER_APPICON_NAME = AppIcon;
				ASSETCATALOG_COMPILER_GLOBAL_ACCENT_COLOR_NAME = AccentColor;
				CODE_SIGN_STYLE = Automatic;
				CURRENT_PROJECT_VERSION = 1;
				ENABLE_PREVIEWS = YES;
				GENERATE_INFOPLIST_FILE = YES;
				INFOPLIST_KEY_UIApplicationSceneManifest_Generation = YES;
				INFOPLIST_KEY_UIApplicationSupportsIndirectInputEvents = YES;
				INFOPLIST_KEY_UILaunchScreen_Generation = YES;
				INFOPLIST_KEY_UISupportedInterfaceOrientations_iPad = "UIInterfaceOrientationPortrait UIInterfaceOrientationPortraitUpsideDown UIInterfaceOrientationLandscapeLeft UIInterfaceOrientationLandscapeRight";
				INFOPLIST_KEY_UISupportedInterfaceOrientations_iPhone = "UIInterfaceOrientationPortrait UIInterfaceOrientationLandscapeLeft UIInterfaceOrientationLandscapeRight";
				LD_RUNPATH_SEARCH_PATHS = (
					"$(inherited)",
					"@executable_path/Frameworks",
				);
				MARKETING_VERSION = 1.0;
				PRODUCT_BUNDLE_IDENTIFIER = Ron.NetworkMonitorDemo;
				PRODUCT_NAME = "$(TARGET_NAME)";
				STRING_CATALOG_GENERATE_SYMBOLS = YES;
				SWIFT_APPROACHABLE_CONCURRENCY = YES;
				SWIFT_DEFAULT_ACTOR_ISOLATION = MainActor;
				SWIFT_EMIT_LOC_STRINGS = YES;
				SWIFT_UPCOMING_FEATURE_MEMBER_IMPORT_VISIBILITY = YES;
				SWIFT_VERSION = 5.0;
				TARGETED_DEVICE_FAMILY = "1,2";
			};
			name = Release;
		};
		F4E77E24305BD9AA0021A352 /* Debug */ = {
			isa = XCBuildConfiguration;
			buildSettings = {
				BUNDLE_LOADER = "$(TEST_HOST)";
				CODE_SIGN_STYLE = Automatic;
				CURRENT_PROJECT_VERSION = 1;
				GENERATE_INFOPLIST_FILE = YES;
				IPHONEOS_DEPLOYMENT_TARGET = 26.5;
				MARKETING_VERSION = 1.0;
				PRODUCT_BUNDLE_IDENTIFIER = Ron.NetworkMonitorDemoTests;
				PRODUCT_NAME = "$(TARGET_NAME)";
				STRING_CATALOG_GENERATE_SYMBOLS = NO;
				SWIFT_APPROACHABLE_CONCURRENCY = YES;
				SWIFT_EMIT_LOC_STRINGS = NO;
				SWIFT_UPCOMING_FEATURE_MEMBER_IMPORT_VISIBILITY = YES;
				SWIFT_VERSION = 5.0;
				TARGETED_DEVICE_FAMILY = "1,2";
				TEST_HOST = "$(BUILT_PRODUCTS_DIR)/NetworkMonitorDemo.app/$(BUNDLE_EXECUTABLE_FOLDER_PATH)/NetworkMonitorDemo";
			};
			name = Debug;
		};
		F4E77E25305BD9AA0021A352 /* Release */ = {
			isa = XCBuildConfiguration;
			buildSettings = {
				BUNDLE_LOADER = "$(TEST_HOST)";
				CODE_SIGN_STYLE = Automatic;
				CURRENT_PROJECT_VERSION = 1;
				GENERATE_INFOPLIST_FILE = YES;
				IPHONEOS_DEPLOYMENT_TARGET = 26.5;
				MARKETING_VERSION = 1.0;
				PRODUCT_BUNDLE_IDENTIFIER = Ron.NetworkMonitorDemoTests;
				PRODUCT_NAME = "$(TARGET_NAME)";
				STRING_CATALOG_GENERATE_SYMBOLS = NO;
				SWIFT_APPROACHABLE_CONCURRENCY = YES;
				SWIFT_EMIT_LOC_STRINGS = NO;
				SWIFT_UPCOMING_FEATURE_MEMBER_IMPORT_VISIBILITY = YES;
				SWIFT_VERSION = 5.0;
				TARGETED_DEVICE_FAMILY = "1,2";
				TEST_HOST = "$(BUILT_PRODUCTS_DIR)/NetworkMonitorDemo.app/$(BUNDLE_EXECUTABLE_FOLDER_PATH)/NetworkMonitorDemo";
			};
			name = Release;
		};
		F4E77E27305BD9AA0021A352 /* Debug */ = {
			isa = XCBuildConfiguration;
			buildSettings = {
				CODE_SIGN_STYLE = Automatic;
				CURRENT_PROJECT_VERSION = 1;
				GENERATE_INFOPLIST_FILE = YES;
				MARKETING_VERSION = 1.0;
				PRODUCT_BUNDLE_IDENTIFIER = Ron.NetworkMonitorDemoUITests;
				PRODUCT_NAME = "$(TARGET_NAME)";
				STRING_CATALOG_GENERATE_SYMBOLS = NO;
				SWIFT_APPROACHABLE_CONCURRENCY = YES;
				SWIFT_EMIT_LOC_STRINGS = NO;
				SWIFT_UPCOMING_FEATURE_MEMBER_IMPORT_VISIBILITY = YES;
				SWIFT_VERSION = 5.0;
				TARGETED_DEVICE_FAMILY = "1,2";
				TEST_TARGET_NAME = NetworkMonitorDemo;
			};
			name = Debug;
		};
		F4E77E28305BD9AA0021A352 /* Release */ = {
			isa = XCBuildConfiguration;
			buildSettings = {
				CODE_SIGN_STYLE = Automatic;
				CURRENT_PROJECT_VERSION = 1;
				GENERATE_INFOPLIST_FILE = YES;
				MARKETING_VERSION = 1.0;
				PRODUCT_BUNDLE_IDENTIFIER = Ron.NetworkMonitorDemoUITests;
				PRODUCT_NAME = "$(TARGET_NAME)";
				STRING_CATALOG_GENERATE_SYMBOLS = NO;
				SWIFT_APPROACHABLE_CONCURRENCY = YES;
				SWIFT_EMIT_LOC_STRINGS = NO;
				SWIFT_UPCOMING_FEATURE_MEMBER_IMPORT_VISIBILITY = YES;
				SWIFT_VERSION = 5.0;
				TARGETED_DEVICE_FAMILY = "1,2";
				TEST_TARGET_NAME = NetworkMonitorDemo;
			};
			name = Release;
		};
/* End XCBuildConfiguration section */

/* Begin XCConfigurationList section */
		F4E77DFA305BD9A90021A352 /* Build configuration list for PBXProject "NetworkMonitorDemo" */ = {
			isa = XCConfigurationList;
			buildConfigurations = (
				F4E77E1E305BD9AA0021A352 /* Debug */,
				F4E77E1F305BD9AA0021A352 /* Release */,
			);
			defaultConfigurationIsVisible = 0;
			defaultConfigurationName = Release;
		};
		F4E77E20305BD9AA0021A352 /* Build configuration list for PBXNativeTarget "NetworkMonitorDemo" */ = {
			isa = XCConfigurationList;
			buildConfigurations = (
				F4E77E21305BD9AA0021A352 /* Debug */,
				F4E77E22305BD9AA0021A352 /* Release */,
			);
			defaultConfigurationIsVisible = 0;
			defaultConfigurationName = Release;
		};
		F4E77E23305BD9AA0021A352 /* Build configuration list for PBXNativeTarget "NetworkMonitorDemoTests" */ = {
			isa = XCConfigurationList;
			buildConfigurations = (
				F4E77E24305BD9AA0021A352 /* Debug */,
				F4E77E25305BD9AA0021A352 /* Release */,
			);
			defaultConfigurationIsVisible = 0;
			defaultConfigurationName = Release;
		};
		F4E77E26305BD9AA0021A352 /* Build configuration list for PBXNativeTarget "NetworkMonitorDemoUITests" */ = {
			isa = XCConfigurationList;
			buildConfigurations = (
				F4E77E27305BD9AA0021A352 /* Debug */,
				F4E77E28305BD9AA0021A352 /* Release */,
			);
			defaultConfigurationIsVisible = 0;
			defaultConfigurationName = Release;
		};
/* End XCConfigurationList section */

/* Begin XCLocalSwiftPackageReference section */
		F4E77E29305BDA060021A352 /* XCLocalSwiftPackageReference "../../NetworkMonitorKit" */ = {
			isa = XCLocalSwiftPackageReference;
			relativePath = ../../NetworkMonitorKit;
		};
/* End XCLocalSwiftPackageReference section */

/* Begin XCSwiftPackageProductDependency section */
		F49548D2305BDCD200E6BE70 /* NetworkMonitorKit */ = {
			isa = XCSwiftPackageProductDependency;
			package = F4E77E29305BDA060021A352 /* XCLocalSwiftPackageReference "../../NetworkMonitorKit" */;
			productName = NetworkMonitorKit;
		};
/* End XCSwiftPackageProductDependency section */
	};
	rootObject = F4E77DF7305BD9A90021A352 /* Project object */;
}
